
Microsoft Visual Studio Solution File, Format Version 12.00
# Visual Studio Version 17
VisualStudioVersion = 17.9.34607.119
MinimumVisualStudioVersion = 10.0.40219.1
Project("{FAE04EC0-301F-11D3-BF4B-00C04F79EFBC}") = "C#_Practice_modul_07_ua", "C#_Practice_modul_07_ua.csproj", "{56898A8F-9BD8-4D34-82A3-73EEA85532E5}"
EndProject
Global
	GlobalSection(SolutionConfigurationPlatforms) = preSolution
		Debug|Any CPU = Debug|Any CPU
		Release|Any CPU = Release|Any CPU
	EndGlobalSection
	GlobalSection(ProjectConfigurationPlatforms) = postSolution
		{56898A8F-9BD8-4D34-82A3-73EEA85532E5}.Debug|Any CPU.ActiveCfg = Debug|Any CPU
		{56898A8F-9BD8-4D34-82A3-73EEA85532E5}.Debug|Any CPU.Build.0 = Debug|Any CPU
		{56898A8F-9BD8-4D34-82A3-73EEA85532E5}.Release|Any CPU.ActiveCfg = Release|Any CPU
		{56898A8F-9BD8-4D34-82A3-73EEA85532E5}.Release|Any CPU.Build.0 = Release|Any CPU
	EndGlobalSection
	GlobalSection(SolutionProperties) = preSolution
		HideSolutionNode = FALSE
	EndGlobalSection
	GlobalSection(ExtensibilityGlobals) = postSolution
		SolutionGuid = {60C93AB8-5BBD-4680-83EA-D1677638E3D9}
	EndGlobalSection
EndGlobal
